
Microsoft Visual Studio Solution File, Format Version 12.00
# Visual Studio 14
VisualStudioVersion = 14.0.24720.0
MinimumVisualStudioVersion = 10.0.40219.1
Project("{FAE04EC0-301F-11D3-BF4B-00C04F79EFBC}") = "GameSlam.Web", "GameSlam.Web\GameSlam.Web.csproj", "{FD796A04-E9DC-4EC5-978E-C705B06E2EB0}"
EndProject
Project("{FAE04EC0-301F-11D3-BF4B-00C04F79EFBC}") = "GameSlam.Web.Tests", "GameSlam.Web.Tests\GameSlam.Web.Tests.csproj", "{3E4D9AD1-734F-4FFE-81DA-4FC7D6579D38}"
EndProject
Global
	GlobalSection(SolutionConfigurationPlatforms) = preSolution
		Debug|Any CPU = Debug|Any CPU
		Release|Any CPU = Release|Any CPU
	EndGlobalSection
	GlobalSection(ProjectConfigurationPlatforms) = postSolution
		{FD796A04-E9DC-4EC5-978E-C705B06E2EB0}.Debug|Any CPU.ActiveCfg = Debug|Any CPU
		{FD796A04-E9DC-4EC5-978E-C705B06E2EB0}.Debug|Any CPU.Build.0 = Debug|Any CPU
		{FD796A04-E9DC-4EC5-978E-C705B06E2EB0}.Release|Any CPU.ActiveCfg = Release|Any CPU
		{FD796A04-E9DC-4EC5-978E-C705B06E2EB0}.Release|Any CPU.Build.0 = Release|Any CPU
		{3E4D9AD1-734F-4FFE-81DA-4FC7D6579D38}.Debug|Any CPU.ActiveCfg = Debug|Any CPU
		{3E4D9AD1-734F-4FFE-81DA-4FC7D6579D38}.Debug|Any CPU.Build.0 = Debug|Any CPU
		{3E4D9AD1-734F-4FFE-81DA-4FC7D6579D38}.Release|Any CPU.ActiveCfg = Release|Any CPU
		{3E4D9AD1-734F-4FFE-81DA-4FC7D6579D38}.Release|Any CPU.Build.0 = Release|Any CPU
	EndGlobalSection
	GlobalSection(SolutionProperties) = preSolution
		HideSolutionNode = FALSE
	EndGlobalSection
EndGlobal
