
Microsoft Visual Studio Solution File, Format Version 12.00
# Visual Studio 14
VisualStudioVersion = 14.0.25420.1
MinimumVisualStudioVersion = 10.0.40219.1
Project("{FAE04EC0-301F-11D3-BF4B-00C04F79EFBC}") = "GameSlam.Web", "GameSlam.Web\GameSlam.Web.csproj", "{FD796A04-E9DC-4EC5-978E-C705B06E2EB0}"
EndProject
Project("{FAE04EC0-301F-11D3-BF4B-00C04F79EFBC}") = "GameSlam.Web.Tests", "GameSlam.Web.Tests\GameSlam.Web.Tests.csproj", "{3E4D9AD1-734F-4FFE-81DA-4FC7D6579D38}"
EndProject
Project("{FAE04EC0-301F-11D3-BF4B-00C04F79EFBC}") = "GameSlam.Core", "GameSlam.Core\GameSlam.Core.csproj", "{5B5234E8-CC28-4BDD-944E-63E721D9E6E7}"
EndProject
Project("{FAE04EC0-301F-11D3-BF4B-00C04F79EFBC}") = "GameSlam.Services", "GameSlam.Services\GameSlam.Services.csproj", "{3E669B94-B50D-4EC8-A3E8-177F6DFA7200}"
EndProject
Project("{FAE04EC0-301F-11D3-BF4B-00C04F79EFBC}") = "GameSlam.Infrastructure", "GameSlam.Infrastructure\GameSlam.Infrastructure.csproj", "{C88119C6-B235-40D1-8A71-B3746211F872}"
EndProject
Project("{2150E333-8FDC-42A3-9474-1A3956D46DE8}") = "Tests", "Tests", "{D9774671-4A1A-4E53-B39E-069781CBCE7A}"
EndProject
Project("{2150E333-8FDC-42A3-9474-1A3956D46DE8}") = "GameSlam", "GameSlam", "{7CA0BC18-C09D-4BB2-BBA1-2C71F0C1F5D4}"
EndProject
Project("{FAE04EC0-301F-11D3-BF4B-00C04F79EFBC}") = "GameSlam.Infrastructure.Tests", "GameSlam.Infrastructure.Tests\GameSlam.Infrastructure.Tests.csproj", "{7FE3BED5-9574-4BA3-8727-EBA9720E0643}"
EndProject
Global
	GlobalSection(SolutionConfigurationPlatforms) = preSolution
		Debug|Any CPU = Debug|Any CPU
		Release|Any CPU = Release|Any CPU
	EndGlobalSection
	GlobalSection(ProjectConfigurationPlatforms) = postSolution
		{FD796A04-E9DC-4EC5-978E-C705B06E2EB0}.Debug|Any CPU.ActiveCfg = Debug|Any CPU
		{FD796A04-E9DC-4EC5-978E-C705B06E2EB0}.Debug|Any CPU.Build.0 = Debug|Any CPU
		{FD796A04-E9DC-4EC5-978E-C705B06E2EB0}.Release|Any CPU.ActiveCfg = Release|Any CPU
		{FD796A04-E9DC-4EC5-978E-C705B06E2EB0}.Release|Any CPU.Build.0 = Release|Any CPU
		{3E4D9AD1-734F-4FFE-81DA-4FC7D6579D38}.Debug|Any CPU.ActiveCfg = Debug|Any CPU
		{3E4D9AD1-734F-4FFE-81DA-4FC7D6579D38}.Debug|Any CPU.Build.0 = Debug|Any CPU
		{3E4D9AD1-734F-4FFE-81DA-4FC7D6579D38}.Release|Any CPU.ActiveCfg = Release|Any CPU
		{3E4D9AD1-734F-4FFE-81DA-4FC7D6579D38}.Release|Any CPU.Build.0 = Release|Any CPU
		{5B5234E8-CC28-4BDD-944E-63E721D9E6E7}.Debug|Any CPU.ActiveCfg = Debug|Any CPU
		{5B5234E8-CC28-4BDD-944E-63E721D9E6E7}.Debug|Any CPU.Build.0 = Debug|Any CPU
		{5B5234E8-CC28-4BDD-944E-63E721D9E6E7}.Release|Any CPU.ActiveCfg = Release|Any CPU
		{5B5234E8-CC28-4BDD-944E-63E721D9E6E7}.Release|Any CPU.Build.0 = Release|Any CPU
		{3E669B94-B50D-4EC8-A3E8-177F6DFA7200}.Debug|Any CPU.ActiveCfg = Debug|Any CPU
		{3E669B94-B50D-4EC8-A3E8-177F6DFA7200}.Debug|Any CPU.Build.0 = Debug|Any CPU
		{3E669B94-B50D-4EC8-A3E8-177F6DFA7200}.Release|Any CPU.ActiveCfg = Release|Any CPU
		{3E669B94-B50D-4EC8-A3E8-177F6DFA7200}.Release|Any CPU.Build.0 = Release|Any CPU
		{C88119C6-B235-40D1-8A71-B3746211F872}.Debug|Any CPU.ActiveCfg = Debug|Any CPU
		{C88119C6-B235-40D1-8A71-B3746211F872}.Debug|Any CPU.Build.0 = Debug|Any CPU
		{C88119C6-B235-40D1-8A71-B3746211F872}.Release|Any CPU.ActiveCfg = Release|Any CPU
		{C88119C6-B235-40D1-8A71-B3746211F872}.Release|Any CPU.Build.0 = Release|Any CPU
		{7FE3BED5-9574-4BA3-8727-EBA9720E0643}.Debug|Any CPU.ActiveCfg = Debug|Any CPU
		{7FE3BED5-9574-4BA3-8727-EBA9720E0643}.Debug|Any CPU.Build.0 = Debug|Any CPU
		{7FE3BED5-9574-4BA3-8727-EBA9720E0643}.Release|Any CPU.ActiveCfg = Release|Any CPU
		{7FE3BED5-9574-4BA3-8727-EBA9720E0643}.Release|Any CPU.Build.0 = Release|Any CPU
	EndGlobalSection
	GlobalSection(SolutionProperties) = preSolution
		HideSolutionNode = FALSE
	EndGlobalSection
	GlobalSection(NestedProjects) = preSolution
		{FD796A04-E9DC-4EC5-978E-C705B06E2EB0} = {7CA0BC18-C09D-4BB2-BBA1-2C71F0C1F5D4}
		{3E4D9AD1-734F-4FFE-81DA-4FC7D6579D38} = {D9774671-4A1A-4E53-B39E-069781CBCE7A}
		{5B5234E8-CC28-4BDD-944E-63E721D9E6E7} = {7CA0BC18-C09D-4BB2-BBA1-2C71F0C1F5D4}
		{3E669B94-B50D-4EC8-A3E8-177F6DFA7200} = {7CA0BC18-C09D-4BB2-BBA1-2C71F0C1F5D4}
		{C88119C6-B235-40D1-8A71-B3746211F872} = {7CA0BC18-C09D-4BB2-BBA1-2C71F0C1F5D4}
		{7FE3BED5-9574-4BA3-8727-EBA9720E0643} = {D9774671-4A1A-4E53-B39E-069781CBCE7A}
	EndGlobalSection
EndGlobal
